
Microsoft Visual Studio Solution File, Format Version 12.00
Project("{FAE04EC0-301F-11D3-BF4B-00C04F79EFBC}") = "PonguGame", "PonguGame\PonguGame.csproj", "{DB0A7AAA-2978-4A89-A00C-5523B6A249AF}"
EndProject
Global
	GlobalSection(SolutionConfigurationPlatforms) = preSolution
		Debug|Any CPU = Debug|Any CPU
		Release|Any CPU = Release|Any CPU
	EndGlobalSection
	GlobalSection(ProjectConfigurationPlatforms) = postSolution
		{DB0A7AAA-2978-4A89-A00C-5523B6A249AF}.Debug|Any CPU.ActiveCfg = Debug|Any CPU
		{DB0A7AAA-2978-4A89-A00C-5523B6A249AF}.Debug|Any CPU.Build.0 = Debug|Any CPU
		{DB0A7AAA-2978-4A89-A00C-5523B6A249AF}.Release|Any CPU.ActiveCfg = Release|Any CPU
		{DB0A7AAA-2978-4A89-A00C-5523B6A249AF}.Release|Any CPU.Build.0 = Release|Any CPU
	EndGlobalSection
EndGlobal
